{
  "name": "audio_input",
  "lockfileVersion": 3,
  "requires": true,
  "packages": {
    "": {
      "dependencies": {
        "remote-claude": "^1.0.7"
      }
    },
    "node_modules/remote-claude": {
      "version": "1.0.7",
      "resolved": "https://registry.npmmirror.com/remote-claude/-/remote-claude-1.0.7.tgz",
      "integrity": "sha512-3zcliqjvTecz1hYA7gOvqt0A4tCcsIkSWYPbZfIB8IcWZf9N2y6MRk+4wXmZEp9JAsd1DjlRjkJb9F8SgZqGPQ==",
      "hasInstallScript": true,
      "license": "MIT",
      "os": [
        "darwin",
        "linux"
      ],
      "bin": {
        "cl": "bin/cl",
        "cla": "bin/cla",
        "remote-claude": "bin/remote-claude"
      },
      "engines": {
        "node": ">=16"
      }
    }
  }
}
